
Microsoft Visual Studio Solution File, Format Version 12.00
# Visual Studio Version 16
VisualStudioVersion = 16.0.30413.136
MinimumVisualStudioVersion = 10.0.40219.1
Project("{FAE04EC0-301F-11D3-BF4B-00C04F79EFBC}") = "TTHKNavigationPage.Android", "TTHKNavigationPage\TTHKNavigationPage.Android\TTHKNavigationPage.Android.csproj", "{FED6BADF-84E2-4C24-890B-2C0941CE8BC2}"
EndProject
Project("{FAE04EC0-301F-11D3-BF4B-00C04F79EFBC}") = "TTHKNavigationPage", "TTHKNavigationPage\TTHKNavigationPage\TTHKNavigationPage.csproj", "{E0E4469F-D0B4-455A-AD68-3182EDE30F23}"
EndProject
Global
	GlobalSection(SolutionConfigurationPlatforms) = preSolution
		Debug|Any CPU = Debug|Any CPU
		Release|Any CPU = Release|Any CPU
	EndGlobalSection
	GlobalSection(ProjectConfigurationPlatforms) = postSolution
		{FED6BADF-84E2-4C24-890B-2C0941CE8BC2}.Debug|Any CPU.ActiveCfg = Debug|Any CPU
		{FED6BADF-84E2-4C24-890B-2C0941CE8BC2}.Debug|Any CPU.Build.0 = Debug|Any CPU
		{FED6BADF-84E2-4C24-890B-2C0941CE8BC2}.Debug|Any CPU.Deploy.0 = Debug|Any CPU
		{FED6BADF-84E2-4C24-890B-2C0941CE8BC2}.Release|Any CPU.ActiveCfg = Release|Any CPU
		{FED6BADF-84E2-4C24-890B-2C0941CE8BC2}.Release|Any CPU.Build.0 = Release|Any CPU
		{FED6BADF-84E2-4C24-890B-2C0941CE8BC2}.Release|Any CPU.Deploy.0 = Release|Any CPU
		{E0E4469F-D0B4-455A-AD68-3182EDE30F23}.Debug|Any CPU.ActiveCfg = Debug|Any CPU
		{E0E4469F-D0B4-455A-AD68-3182EDE30F23}.Debug|Any CPU.Build.0 = Debug|Any CPU
		{E0E4469F-D0B4-455A-AD68-3182EDE30F23}.Debug|Any CPU.Deploy.0 = Debug|Any CPU
		{E0E4469F-D0B4-455A-AD68-3182EDE30F23}.Release|Any CPU.ActiveCfg = Release|Any CPU
		{E0E4469F-D0B4-455A-AD68-3182EDE30F23}.Release|Any CPU.Build.0 = Release|Any CPU
		{E0E4469F-D0B4-455A-AD68-3182EDE30F23}.Release|Any CPU.Deploy.0 = Release|Any CPU
	EndGlobalSection
	GlobalSection(SolutionProperties) = preSolution
		HideSolutionNode = FALSE
	EndGlobalSection
	GlobalSection(ExtensibilityGlobals) = postSolution
		SolutionGuid = {1CBBB781-BFE8-4A29-9E2A-424D3AFA8C6B}
	EndGlobalSection
EndGlobal
